
Microsoft Visual Studio Solution File, Format Version 12.00
# Visual Studio 15
VisualStudioVersion = 15.0.28307.329
MinimumVisualStudioVersion = 10.0.40219.1
Project("{FAE04EC0-301F-11D3-BF4B-00C04F79EFBC}") = "WW2Weekend.Android", "WW2Weekend\WW2Weekend.Android\WW2Weekend.Android.csproj", "{5AE00374-0B40-418C-823C-760E098AF4D8}"
EndProject
Project("{FAE04EC0-301F-11D3-BF4B-00C04F79EFBC}") = "WW2Weekend.iOS", "WW2Weekend\WW2Weekend.iOS\WW2Weekend.iOS.csproj", "{3E065417-7E92-4410-B37D-C3E2929B24CA}"
EndProject
Project("{9A19103F-16F7-4668-BE54-9A1E7A4F7556}") = "WW2Weekend", "WW2Weekend\WW2Weekend\WW2Weekend.csproj", "{758D46E4-CD55-4E59-A70F-BB3E83F51D1F}"
EndProject
Project("{FAE04EC0-301F-11D3-BF4B-00C04F79EFBC}") = "TestWW2Weekend", "XUnitTestProject1\TestWW2Weekend.csproj", "{23482AF0-2D42-4A3E-94A6-C2DA6D328663}"
EndProject
Global
	GlobalSection(SolutionConfigurationPlatforms) = preSolution
		Ad-Hoc|Any CPU = Ad-Hoc|Any CPU
		Ad-Hoc|iPhone = Ad-Hoc|iPhone
		Ad-Hoc|iPhoneSimulator = Ad-Hoc|iPhoneSimulator
		AppStore|Any CPU = AppStore|Any CPU
		AppStore|iPhone = AppStore|iPhone
		AppStore|iPhoneSimulator = AppStore|iPhoneSimulator
		Debug|Any CPU = Debug|Any CPU
		Debug|iPhone = Debug|iPhone
		Debug|iPhoneSimulator = Debug|iPhoneSimulator
		Release|Any CPU = Release|Any CPU
		Release|iPhone = Release|iPhone
		Release|iPhoneSimulator = Release|iPhoneSimulator
	EndGlobalSection
	GlobalSection(ProjectConfigurationPlatforms) = postSolution
		{5AE00374-0B40-418C-823C-760E098AF4D8}.Ad-Hoc|Any CPU.ActiveCfg = Release|Any CPU
		{5AE00374-0B40-418C-823C-760E098AF4D8}.Ad-Hoc|Any CPU.Build.0 = Release|Any CPU
		{5AE00374-0B40-418C-823C-760E098AF4D8}.Ad-Hoc|Any CPU.Deploy.0 = Release|Any CPU
		{5AE00374-0B40-418C-823C-760E098AF4D8}.Ad-Hoc|iPhone.ActiveCfg = Release|Any CPU
		{5AE00374-0B40-418C-823C-760E098AF4D8}.Ad-Hoc|iPhone.Build.0 = Release|Any CPU
		{5AE00374-0B40-418C-823C-760E098AF4D8}.Ad-Hoc|iPhone.Deploy.0 = Release|Any CPU
		{5AE00374-0B40-418C-823C-760E098AF4D8}.Ad-Hoc|iPhoneSimulator.ActiveCfg = Release|Any CPU
		{5AE00374-0B40-418C-823C-760E098AF4D8}.Ad-Hoc|iPhoneSimulator.Build.0 = Release|Any CPU
		{5AE00374-0B40-418C-823C-760E098AF4D8}.Ad-Hoc|iPhoneSimulator.Deploy.0 = Release|Any CPU
		{5AE00374-0B40-418C-823C-760E098AF4D8}.AppStore|Any CPU.ActiveCfg = Release|Any CPU
		{5AE00374-0B40-418C-823C-760E098AF4D8}.AppStore|Any CPU.Build.0 = Release|Any CPU
		{5AE00374-0B40-418C-823C-760E098AF4D8}.AppStore|Any CPU.Deploy.0 = Release|Any CPU
		{5AE00374-0B40-418C-823C-760E098AF4D8}.AppStore|iPhone.ActiveCfg = Release|Any CPU
		{5AE00374-0B40-418C-823C-760E098AF4D8}.AppStore|iPhone.Build.0 = Release|Any CPU
		{5AE00374-0B40-418C-823C-760E098AF4D8}.AppStore|iPhone.Deploy.0 = Release|Any CPU
		{5AE00374-0B40-418C-823C-760E098AF4D8}.AppStore|iPhoneSimulator.ActiveCfg = Release|Any CPU
		{5AE00374-0B40-418C-823C-760E098AF4D8}.AppStore|iPhoneSimulator.Build.0 = Release|Any CPU
		{5AE00374-0B40-418C-823C-760E098AF4D8}.AppStore|iPhoneSimulator.Deploy.0 = Release|Any CPU
		{5AE00374-0B40-418C-823C-760E098AF4D8}.Debug|Any CPU.ActiveCfg = Debug|Any CPU
		{5AE00374-0B40-418C-823C-760E098AF4D8}.Debug|Any CPU.Build.0 = Debug|Any CPU
		{5AE00374-0B40-418C-823C-760E098AF4D8}.Debug|Any CPU.Deploy.0 = Debug|Any CPU
		{5AE00374-0B40-418C-823C-760E098AF4D8}.Debug|iPhone.ActiveCfg = Debug|Any CPU
		{5AE00374-0B40-418C-823C-760E098AF4D8}.Debug|iPhone.Build.0 = Debug|Any CPU
		{5AE00374-0B40-418C-823C-760E098AF4D8}.Debug|iPhone.Deploy.0 = Debug|Any CPU
		{5AE00374-0B40-418C-823C-760E098AF4D8}.Debug|iPhoneSimulator.ActiveCfg = Debug|Any CPU
		{5AE00374-0B40-418C-823C-760E098AF4D8}.Debug|iPhoneSimulator.Build.0 = Debug|Any CPU
		{5AE00374-0B40-418C-823C-760E098AF4D8}.Debug|iPhoneSimulator.Deploy.0 = Debug|Any CPU
		{5AE00374-0B40-418C-823C-760E098AF4D8}.Release|Any CPU.ActiveCfg = Release|Any CPU
		{5AE00374-0B40-418C-823C-760E098AF4D8}.Release|Any CPU.Build.0 = Release|Any CPU
		{5AE00374-0B40-418C-823C-760E098AF4D8}.Release|Any CPU.Deploy.0 = Release|Any CPU
		{5AE00374-0B40-418C-823C-760E098AF4D8}.Release|iPhone.ActiveCfg = Release|Any CPU
		{5AE00374-0B40-418C-823C-760E098AF4D8}.Release|iPhone.Build.0 = Release|Any CPU
		{5AE00374-0B40-418C-823C-760E098AF4D8}.Release|iPhone.Deploy.0 = Release|Any CPU
		{5AE00374-0B40-418C-823C-760E098AF4D8}.Release|iPhoneSimulator.ActiveCfg = Release|Any CPU
		{5AE00374-0B40-418C-823C-760E098AF4D8}.Release|iPhoneSimulator.Build.0 = Release|Any CPU
		{5AE00374-0B40-418C-823C-760E098AF4D8}.Release|iPhoneSimulator.Deploy.0 = Release|Any CPU
		{3E065417-7E92-4410-B37D-C3E2929B24CA}.Ad-Hoc|Any CPU.ActiveCfg = Ad-Hoc|iPhone
		{3E065417-7E92-4410-B37D-C3E2929B24CA}.Ad-Hoc|Any CPU.Build.0 = Ad-Hoc|iPhone
		{3E065417-7E92-4410-B37D-C3E2929B24CA}.Ad-Hoc|Any CPU.Deploy.0 = Ad-Hoc|iPhone
		{3E065417-7E92-4410-B37D-C3E2929B24CA}.Ad-Hoc|iPhone.ActiveCfg = Ad-Hoc|iPhone
		{3E065417-7E92-4410-B37D-C3E2929B24CA}.Ad-Hoc|iPhone.Build.0 = Ad-Hoc|iPhone
		{3E065417-7E92-4410-B37D-C3E2929B24CA}.Ad-Hoc|iPhone.Deploy.0 = Ad-Hoc|iPhone
		{3E065417-7E92-4410-B37D-C3E2929B24CA}.Ad-Hoc|iPhoneSimulator.ActiveCfg = Ad-Hoc|iPhoneSimulator
		{3E065417-7E92-4410-B37D-C3E2929B24CA}.Ad-Hoc|iPhoneSimulator.Build.0 = Ad-Hoc|iPhoneSimulator
		{3E065417-7E92-4410-B37D-C3E2929B24CA}.Ad-Hoc|iPhoneSimulator.Deploy.0 = Ad-Hoc|iPhoneSimulator
		{3E065417-7E92-4410-B37D-C3E2929B24CA}.AppStore|Any CPU.ActiveCfg = AppStore|iPhone
		{3E065417-7E92-4410-B37D-C3E2929B24CA}.AppStore|Any CPU.Build.0 = AppStore|iPhone
		{3E065417-7E92-4410-B37D-C3E2929B24CA}.AppStore|Any CPU.Deploy.0 = AppStore|iPhone
		{3E065417-7E92-4410-B37D-C3E2929B24CA}.AppStore|iPhone.ActiveCfg = AppStore|iPhone
		{3E065417-7E92-4410-B37D-C3E2929B24CA}.AppStore|iPhone.Build.0 = AppStore|iPhone
		{3E065417-7E92-4410-B37D-C3E2929B24CA}.AppStore|iPhone.Deploy.0 = AppStore|iPhone
		{3E065417-7E92-4410-B37D-C3E2929B24CA}.AppStore|iPhoneSimulator.ActiveCfg = AppStore|iPhoneSimulator
		{3E065417-7E92-4410-B37D-C3E2929B24CA}.AppStore|iPhoneSimulator.Build.0 = AppStore|iPhoneSimulator
		{3E065417-7E92-4410-B37D-C3E2929B24CA}.AppStore|iPhoneSimulator.Deploy.0 = AppStore|iPhoneSimulator
		{3E065417-7E92-4410-B37D-C3E2929B24CA}.Debug|Any CPU.ActiveCfg = Debug|iPhoneSimulator
		{3E065417-7E92-4410-B37D-C3E2929B24CA}.Debug|Any CPU.Build.0 = Debug|iPhoneSimulator
		{3E065417-7E92-4410-B37D-C3E2929B24CA}.Debug|Any CPU.Deploy.0 = Debug|iPhoneSimulator
		{3E065417-7E92-4410-B37D-C3E2929B24CA}.Debug|iPhone.ActiveCfg = Debug|iPhone
		{3E065417-7E92-4410-B37D-C3E2929B24CA}.Debug|iPhone.Build.0 = Debug|iPhone
		{3E065417-7E92-4410-B37D-C3E2929B24CA}.Debug|iPhone.Deploy.0 = Debug|iPhone
		{3E065417-7E92-4410-B37D-C3E2929B24CA}.Debug|iPhoneSimulator.ActiveCfg = Debug|iPhoneSimulator
		{3E065417-7E92-4410-B37D-C3E2929B24CA}.Debug|iPhoneSimulator.Build.0 = Debug|iPhoneSimulator
		{3E065417-7E92-4410-B37D-C3E2929B24CA}.Debug|iPhoneSimulator.Deploy.0 = Debug|iPhoneSimulator
		{3E065417-7E92-4410-B37D-C3E2929B24CA}.Release|Any CPU.ActiveCfg = Release|iPhone
		{3E065417-7E92-4410-B37D-C3E2929B24CA}.Release|Any CPU.Build.0 = Release|iPhone
		{3E065417-7E92-4410-B37D-C3E2929B24CA}.Release|Any CPU.Deploy.0 = Release|iPhone
		{3E065417-7E92-4410-B37D-C3E2929B24CA}.Release|iPhone.ActiveCfg = Release|iPhone
		{3E065417-7E92-4410-B37D-C3E2929B24CA}.Release|iPhone.Build.0 = Release|iPhone
		{3E065417-7E92-4410-B37D-C3E2929B24CA}.Release|iPhone.Deploy.0 = Release|iPhone
		{3E065417-7E92-4410-B37D-C3E2929B24CA}.Release|iPhoneSimulator.ActiveCfg = Release|iPhoneSimulator
		{3E065417-7E92-4410-B37D-C3E2929B24CA}.Release|iPhoneSimulator.Build.0 = Release|iPhoneSimulator
		{3E065417-7E92-4410-B37D-C3E2929B24CA}.Release|iPhoneSimulator.Deploy.0 = Release|iPhoneSimulator
		{758D46E4-CD55-4E59-A70F-BB3E83F51D1F}.Ad-Hoc|Any CPU.ActiveCfg = Debug|Any CPU
		{758D46E4-CD55-4E59-A70F-BB3E83F51D1F}.Ad-Hoc|Any CPU.Build.0 = Debug|Any CPU
		{758D46E4-CD55-4E59-A70F-BB3E83F51D1F}.Ad-Hoc|Any CPU.Deploy.0 = Debug|Any CPU
		{758D46E4-CD55-4E59-A70F-BB3E83F51D1F}.Ad-Hoc|iPhone.ActiveCfg = Debug|Any CPU
		{758D46E4-CD55-4E59-A70F-BB3E83F51D1F}.Ad-Hoc|iPhone.Build.0 = Debug|Any CPU
		{758D46E4-CD55-4E59-A70F-BB3E83F51D1F}.Ad-Hoc|iPhone.Deploy.0 = Debug|Any CPU
		{758D46E4-CD55-4E59-A70F-BB3E83F51D1F}.Ad-Hoc|iPhoneSimulator.ActiveCfg = Debug|Any CPU
		{758D46E4-CD55-4E59-A70F-BB3E83F51D1F}.Ad-Hoc|iPhoneSimulator.Build.0 = Debug|Any CPU
		{758D46E4-CD55-4E59-A70F-BB3E83F51D1F}.Ad-Hoc|iPhoneSimulator.Deploy.0 = Debug|Any CPU
		{758D46E4-CD55-4E59-A70F-BB3E83F51D1F}.AppStore|Any CPU.ActiveCfg = Debug|Any CPU
		{758D46E4-CD55-4E59-A70F-BB3E83F51D1F}.AppStore|Any CPU.Build.0 = Debug|Any CPU
		{758D46E4-CD55-4E59-A70F-BB3E83F51D1F}.AppStore|Any CPU.Deploy.0 = Debug|Any CPU
		{758D46E4-CD55-4E59-A70F-BB3E83F51D1F}.AppStore|iPhone.ActiveCfg = Debug|Any CPU
		{758D46E4-CD55-4E59-A70F-BB3E83F51D1F}.AppStore|iPhone.Build.0 = Debug|Any CPU
		{758D46E4-CD55-4E59-A70F-BB3E83F51D1F}.AppStore|iPhone.Deploy.0 = Debug|Any CPU
		{758D46E4-CD55-4E59-A70F-BB3E83F51D1F}.AppStore|iPhoneSimulator.ActiveCfg = Debug|Any CPU
		{758D46E4-CD55-4E59-A70F-BB3E83F51D1F}.AppStore|iPhoneSimulator.Build.0 = Debug|Any CPU
		{758D46E4-CD55-4E59-A70F-BB3E83F51D1F}.AppStore|iPhoneSimulator.Deploy.0 = Debug|Any CPU
		{758D46E4-CD55-4E59-A70F-BB3E83F51D1F}.Debug|Any CPU.ActiveCfg = Debug|Any CPU
		{758D46E4-CD55-4E59-A70F-BB3E83F51D1F}.Debug|Any CPU.Build.0 = Debug|Any CPU
		{758D46E4-CD55-4E59-A70F-BB3E83F51D1F}.Debug|Any CPU.Deploy.0 = Debug|Any CPU
		{758D46E4-CD55-4E59-A70F-BB3E83F51D1F}.Debug|iPhone.ActiveCfg = Debug|Any CPU
		{758D46E4-CD55-4E59-A70F-BB3E83F51D1F}.Debug|iPhone.Build.0 = Debug|Any CPU
		{758D46E4-CD55-4E59-A70F-BB3E83F51D1F}.Debug|iPhone.Deploy.0 = Debug|Any CPU
		{758D46E4-CD55-4E59-A70F-BB3E83F51D1F}.Debug|iPhoneSimulator.ActiveCfg = Debug|Any CPU
		{758D46E4-CD55-4E59-A70F-BB3E83F51D1F}.Debug|iPhoneSimulator.Build.0 = Debug|Any CPU
		{758D46E4-CD55-4E59-A70F-BB3E83F51D1F}.Debug|iPhoneSimulator.Deploy.0 = Debug|Any CPU
		{758D46E4-CD55-4E59-A70F-BB3E83F51D1F}.Release|Any CPU.ActiveCfg = Release|Any CPU
		{758D46E4-CD55-4E59-A70F-BB3E83F51D1F}.Release|Any CPU.Build.0 = Release|Any CPU
		{758D46E4-CD55-4E59-A70F-BB3E83F51D1F}.Release|Any CPU.Deploy.0 = Release|Any CPU
		{758D46E4-CD55-4E59-A70F-BB3E83F51D1F}.Release|iPhone.ActiveCfg = Release|Any CPU
		{758D46E4-CD55-4E59-A70F-BB3E83F51D1F}.Release|iPhone.Build.0 = Release|Any CPU
		{758D46E4-CD55-4E59-A70F-BB3E83F51D1F}.Release|iPhone.Deploy.0 = Release|Any CPU
		{758D46E4-CD55-4E59-A70F-BB3E83F51D1F}.Release|iPhoneSimulator.ActiveCfg = Release|Any CPU
		{758D46E4-CD55-4E59-A70F-BB3E83F51D1F}.Release|iPhoneSimulator.Build.0 = Release|Any CPU
		{758D46E4-CD55-4E59-A70F-BB3E83F51D1F}.Release|iPhoneSimulator.Deploy.0 = Release|Any CPU
		{23482AF0-2D42-4A3E-94A6-C2DA6D328663}.Ad-Hoc|Any CPU.ActiveCfg = Debug|Any CPU
		{23482AF0-2D42-4A3E-94A6-C2DA6D328663}.Ad-Hoc|Any CPU.Build.0 = Debug|Any CPU
		{23482AF0-2D42-4A3E-94A6-C2DA6D328663}.Ad-Hoc|iPhone.ActiveCfg = Debug|Any CPU
		{23482AF0-2D42-4A3E-94A6-C2DA6D328663}.Ad-Hoc|iPhone.Build.0 = Debug|Any CPU
		{23482AF0-2D42-4A3E-94A6-C2DA6D328663}.Ad-Hoc|iPhoneSimulator.ActiveCfg = Debug|Any CPU
		{23482AF0-2D42-4A3E-94A6-C2DA6D328663}.Ad-Hoc|iPhoneSimulator.Build.0 = Debug|Any CPU
		{23482AF0-2D42-4A3E-94A6-C2DA6D328663}.AppStore|Any CPU.ActiveCfg = Debug|Any CPU
		{23482AF0-2D42-4A3E-94A6-C2DA6D328663}.AppStore|Any CPU.Build.0 = Debug|Any CPU
		{23482AF0-2D42-4A3E-94A6-C2DA6D328663}.AppStore|iPhone.ActiveCfg = Debug|Any CPU
		{23482AF0-2D42-4A3E-94A6-C2DA6D328663}.AppStore|iPhone.Build.0 = Debug|Any CPU
		{23482AF0-2D42-4A3E-94A6-C2DA6D328663}.AppStore|iPhoneSimulator.ActiveCfg = Debug|Any CPU
		{23482AF0-2D42-4A3E-94A6-C2DA6D328663}.AppStore|iPhoneSimulator.Build.0 = Debug|Any CPU
		{23482AF0-2D42-4A3E-94A6-C2DA6D328663}.Debug|Any CPU.ActiveCfg = Debug|Any CPU
		{23482AF0-2D42-4A3E-94A6-C2DA6D328663}.Debug|Any CPU.Build.0 = Debug|Any CPU
		{23482AF0-2D42-4A3E-94A6-C2DA6D328663}.Debug|iPhone.ActiveCfg = Debug|Any CPU
		{23482AF0-2D42-4A3E-94A6-C2DA6D328663}.Debug|iPhone.Build.0 = Debug|Any CPU
		{23482AF0-2D42-4A3E-94A6-C2DA6D328663}.Debug|iPhoneSimulator.ActiveCfg = Debug|Any CPU
		{23482AF0-2D42-4A3E-94A6-C2DA6D328663}.Debug|iPhoneSimulator.Build.0 = Debug|Any CPU
		{23482AF0-2D42-4A3E-94A6-C2DA6D328663}.Release|Any CPU.ActiveCfg = Release|Any CPU
		{23482AF0-2D42-4A3E-94A6-C2DA6D328663}.Release|Any CPU.Build.0 = Release|Any CPU
		{23482AF0-2D42-4A3E-94A6-C2DA6D328663}.Release|iPhone.ActiveCfg = Release|Any CPU
		{23482AF0-2D42-4A3E-94A6-C2DA6D328663}.Release|iPhone.Build.0 = Release|Any CPU
		{23482AF0-2D42-4A3E-94A6-C2DA6D328663}.Release|iPhoneSimulator.ActiveCfg = Release|Any CPU
		{23482AF0-2D42-4A3E-94A6-C2DA6D328663}.Release|iPhoneSimulator.Build.0 = Release|Any CPU
	EndGlobalSection
	GlobalSection(SolutionProperties) = preSolution
		HideSolutionNode = FALSE
	EndGlobalSection
	GlobalSection(ExtensibilityGlobals) = postSolution
		SolutionGuid = {36662289-4FE7-4FCA-94B8-B0413CBFEB6C}
	EndGlobalSection
EndGlobal
